
Microsoft Visual Studio Solution File, Format Version 12.00
# Visual Studio 15
VisualStudioVersion = 15.0.27703.2042
MinimumVisualStudioVersion = 10.0.40219.1
Project("{FAE04EC0-301F-11D3-BF4B-00C04F79EFBC}") = "Fractions", "Fractions\Fractions.csproj", "{0667ACEB-1108-47DD-ACAB-2890AE9C8645}"
EndProject
Project("{FAE04EC0-301F-11D3-BF4B-00C04F79EFBC}") = "UnitTest", "UnitTest\UnitTest.csproj", "{294557C4-03F1-4B5C-AB40-E5EB882E7187}"
EndProject
Global
	GlobalSection(SolutionConfigurationPlatforms) = preSolution
		Debug|Any CPU = Debug|Any CPU
		Release|Any CPU = Release|Any CPU
	EndGlobalSection
	GlobalSection(ProjectConfigurationPlatforms) = postSolution
		{0667ACEB-1108-47DD-ACAB-2890AE9C8645}.Debug|Any CPU.ActiveCfg = Debug|Any CPU
		{0667ACEB-1108-47DD-ACAB-2890AE9C8645}.Debug|Any CPU.Build.0 = Debug|Any CPU
		{0667ACEB-1108-47DD-ACAB-2890AE9C8645}.Release|Any CPU.ActiveCfg = Release|Any CPU
		{0667ACEB-1108-47DD-ACAB-2890AE9C8645}.Release|Any CPU.Build.0 = Release|Any CPU
		{294557C4-03F1-4B5C-AB40-E5EB882E7187}.Debug|Any CPU.ActiveCfg = Debug|Any CPU
		{294557C4-03F1-4B5C-AB40-E5EB882E7187}.Debug|Any CPU.Build.0 = Debug|Any CPU
		{294557C4-03F1-4B5C-AB40-E5EB882E7187}.Release|Any CPU.ActiveCfg = Release|Any CPU
		{294557C4-03F1-4B5C-AB40-E5EB882E7187}.Release|Any CPU.Build.0 = Release|Any CPU
	EndGlobalSection
	GlobalSection(SolutionProperties) = preSolution
		HideSolutionNode = FALSE
	EndGlobalSection
	GlobalSection(ExtensibilityGlobals) = postSolution
		SolutionGuid = {457CEF61-07D3-4315-B295-004BE029EE19}
	EndGlobalSection
EndGlobal
